
Microsoft Visual Studio Solution File, Format Version 12.00
# Visual Studio Version 18
VisualStudioVersion = 18.1.11312.151
MinimumVisualStudioVersion = 10.0.40219.1
Project("{FAE04EC0-301F-11D3-BF4B-00C04F79EFBC}") = "BUSINESS_LAYER", "BUSINESS_LAYER\BUSINESS_LAYER.csproj", "{06143257-1F49-4A11-A484-AF3F86E796E1}"
EndProject
Project("{FAE04EC0-301F-11D3-BF4B-00C04F79EFBC}") = "DATA_LAYER", "DATA_LAYER\DATA_LAYER.csproj", "{4E147064-FF77-4748-87E1-FC64A7C28E6D}"
EndProject
Project("{FAE04EC0-301F-11D3-BF4B-00C04F79EFBC}") = "PRESENTATION_LAYER", "PRESENTATION_LAYER\PRESENTATION_LAYER.csproj", "{130E8443-B39A-44B1-8949-32CB18C44018}"
EndProject
Global
	GlobalSection(SolutionConfigurationPlatforms) = preSolution
		Debug|Any CPU = Debug|Any CPU
		Release|Any CPU = Release|Any CPU
	EndGlobalSection
	GlobalSection(ProjectConfigurationPlatforms) = postSolution
		{06143257-1F49-4A11-A484-AF3F86E796E1}.Debug|Any CPU.ActiveCfg = Debug|Any CPU
		{06143257-1F49-4A11-A484-AF3F86E796E1}.Debug|Any CPU.Build.0 = Debug|Any CPU
		{06143257-1F49-4A11-A484-AF3F86E796E1}.Release|Any CPU.ActiveCfg = Release|Any CPU
		{06143257-1F49-4A11-A484-AF3F86E796E1}.Release|Any CPU.Build.0 = Release|Any CPU
		{4E147064-FF77-4748-87E1-FC64A7C28E6D}.Debug|Any CPU.ActiveCfg = Debug|Any CPU
		{4E147064-FF77-4748-87E1-FC64A7C28E6D}.Debug|Any CPU.Build.0 = Debug|Any CPU
		{4E147064-FF77-4748-87E1-FC64A7C28E6D}.Release|Any CPU.ActiveCfg = Release|Any CPU
		{4E147064-FF77-4748-87E1-FC64A7C28E6D}.Release|Any CPU.Build.0 = Release|Any CPU
		{130E8443-B39A-44B1-8949-32CB18C44018}.Debug|Any CPU.ActiveCfg = Debug|Any CPU
		{130E8443-B39A-44B1-8949-32CB18C44018}.Debug|Any CPU.Build.0 = Debug|Any CPU
		{130E8443-B39A-44B1-8949-32CB18C44018}.Release|Any CPU.ActiveCfg = Release|Any CPU
		{130E8443-B39A-44B1-8949-32CB18C44018}.Release|Any CPU.Build.0 = Release|Any CPU
	EndGlobalSection
	GlobalSection(SolutionProperties) = preSolution
		HideSolutionNode = FALSE
	EndGlobalSection
	GlobalSection(ExtensibilityGlobals) = postSolution
		SolutionGuid = {F898D002-E9EB-4B77-AFF8-6A8A8EA41EA2}
	EndGlobalSection
EndGlobal
